
Microsoft Visual Studio Solution File, Format Version 12.00
# Visual Studio Version 17
VisualStudioVersion = 17.14.36717.8
MinimumVisualStudioVersion = 10.0.40219.1
Project("{2150E333-8FDC-42A3-9474-1A3956D46DE8}") = "src", "src", "{02EA681E-C7D8-13C7-8484-4AC65E1B71E8}"
EndProject
Project("{2150E333-8FDC-42A3-9474-1A3956D46DE8}") = "tests", "tests", "{D3AF6AA4-D58D-412F-A508-28E847DC2DFA}"
EndProject
Project("{FAE04EC0-301F-11D3-BF4B-00C04F79EFBC}") = "MES.Domain", "MES.Domain\MES.Domain.csproj", "{7964DCB5-12E6-4320-8C81-F17589D5F4B6}"
EndProject
Project("{FAE04EC0-301F-11D3-BF4B-00C04F79EFBC}") = "MES.Application", "MES.Application\MES.Application.csproj", "{ADDC088C-92A0-4B0C-9263-C3C61EF669B7}"
EndProject
Project("{FAE04EC0-301F-11D3-BF4B-00C04F79EFBC}") = "MES.Infrastructure", "MES.Infrastructure\MES.Infrastructure.csproj", "{58708CB0-22ED-4762-88C8-18782BDA3B0F}"
EndProject
Project("{FAE04EC0-301F-11D3-BF4B-00C04F79EFBC}") = "MES.API", "MES.API\MES.API.csproj", "{9B734C4E-08B8-43E8-800E-3B30B3318DAF}"
EndProject
Project("{FAE04EC0-301F-11D3-BF4B-00C04F79EFBC}") = "MES.Web", "MES.Web\MES.Web.csproj", "{55434FDF-A962-4BA7-BAF0-422558FFD617}"
EndProject
Project("{FAE04EC0-301F-11D3-BF4B-00C04F79EFBC}") = "MES.Application.Tests", "MES.Application.Tests\MES.Application.Tests.csproj", "{42A3FABA-8C05-430C-9120-61371F9B03B4}"
EndProject
Project("{FAE04EC0-301F-11D3-BF4B-00C04F79EFBC}") = "MES.Infrastructure.Tests", "MES.Infrastructure.Tests\MES.Infrastructure.Tests.csproj", "{551EA413-C394-4AE5-A11A-6495192C0998}"
EndProject
Global
	GlobalSection(SolutionConfigurationPlatforms) = preSolution
		Debug|Any CPU = Debug|Any CPU
		Release|Any CPU = Release|Any CPU
	EndGlobalSection
	GlobalSection(ProjectConfigurationPlatforms) = postSolution
		{7964DCB5-12E6-4320-8C81-F17589D5F4B6}.Debug|Any CPU.ActiveCfg = Debug|Any CPU
		{7964DCB5-12E6-4320-8C81-F17589D5F4B6}.Debug|Any CPU.Build.0 = Debug|Any CPU
		{7964DCB5-12E6-4320-8C81-F17589D5F4B6}.Release|Any CPU.ActiveCfg = Release|Any CPU
		{7964DCB5-12E6-4320-8C81-F17589D5F4B6}.Release|Any CPU.Build.0 = Release|Any CPU
		{ADDC088C-92A0-4B0C-9263-C3C61EF669B7}.Debug|Any CPU.ActiveCfg = Debug|Any CPU
		{ADDC088C-92A0-4B0C-9263-C3C61EF669B7}.Debug|Any CPU.Build.0 = Debug|Any CPU
		{ADDC088C-92A0-4B0C-9263-C3C61EF669B7}.Release|Any CPU.ActiveCfg = Release|Any CPU
		{ADDC088C-92A0-4B0C-9263-C3C61EF669B7}.Release|Any CPU.Build.0 = Release|Any CPU
		{58708CB0-22ED-4762-88C8-18782BDA3B0F}.Debug|Any CPU.ActiveCfg = Debug|Any CPU
		{58708CB0-22ED-4762-88C8-18782BDA3B0F}.Debug|Any CPU.Build.0 = Debug|Any CPU
		{58708CB0-22ED-4762-88C8-18782BDA3B0F}.Release|Any CPU.ActiveCfg = Release|Any CPU
		{58708CB0-22ED-4762-88C8-18782BDA3B0F}.Release|Any CPU.Build.0 = Release|Any CPU
		{9B734C4E-08B8-43E8-800E-3B30B3318DAF}.Debug|Any CPU.ActiveCfg = Debug|Any CPU
		{9B734C4E-08B8-43E8-800E-3B30B3318DAF}.Debug|Any CPU.Build.0 = Debug|Any CPU
		{9B734C4E-08B8-43E8-800E-3B30B3318DAF}.Release|Any CPU.ActiveCfg = Release|Any CPU
		{9B734C4E-08B8-43E8-800E-3B30B3318DAF}.Release|Any CPU.Build.0 = Release|Any CPU
		{55434FDF-A962-4BA7-BAF0-422558FFD617}.Debug|Any CPU.ActiveCfg = Debug|Any CPU
		{55434FDF-A962-4BA7-BAF0-422558FFD617}.Debug|Any CPU.Build.0 = Debug|Any CPU
		{55434FDF-A962-4BA7-BAF0-422558FFD617}.Release|Any CPU.ActiveCfg = Release|Any CPU
		{55434FDF-A962-4BA7-BAF0-422558FFD617}.Release|Any CPU.Build.0 = Release|Any CPU
		{42A3FABA-8C05-430C-9120-61371F9B03B4}.Debug|Any CPU.ActiveCfg = Debug|Any CPU
		{42A3FABA-8C05-430C-9120-61371F9B03B4}.Debug|Any CPU.Build.0 = Debug|Any CPU
		{42A3FABA-8C05-430C-9120-61371F9B03B4}.Release|Any CPU.ActiveCfg = Release|Any CPU
		{42A3FABA-8C05-430C-9120-61371F9B03B4}.Release|Any CPU.Build.0 = Release|Any CPU
		{551EA413-C394-4AE5-A11A-6495192C0998}.Debug|Any CPU.ActiveCfg = Debug|Any CPU
		{551EA413-C394-4AE5-A11A-6495192C0998}.Debug|Any CPU.Build.0 = Debug|Any CPU
		{551EA413-C394-4AE5-A11A-6495192C0998}.Release|Any CPU.ActiveCfg = Release|Any CPU
		{551EA413-C394-4AE5-A11A-6495192C0998}.Release|Any CPU.Build.0 = Release|Any CPU
	EndGlobalSection
	GlobalSection(SolutionProperties) = preSolution
		HideSolutionNode = FALSE
	EndGlobalSection
	GlobalSection(NestedProjects) = preSolution
		{7964DCB5-12E6-4320-8C81-F17589D5F4B6} = {02EA681E-C7D8-13C7-8484-4AC65E1B71E8}
		{ADDC088C-92A0-4B0C-9263-C3C61EF669B7} = {02EA681E-C7D8-13C7-8484-4AC65E1B71E8}
		{58708CB0-22ED-4762-88C8-18782BDA3B0F} = {02EA681E-C7D8-13C7-8484-4AC65E1B71E8}
		{9B734C4E-08B8-43E8-800E-3B30B3318DAF} = {02EA681E-C7D8-13C7-8484-4AC65E1B71E8}
		{55434FDF-A962-4BA7-BAF0-422558FFD617} = {02EA681E-C7D8-13C7-8484-4AC65E1B71E8}
		{42A3FABA-8C05-430C-9120-61371F9B03B4} = {D3AF6AA4-D58D-412F-A508-28E847DC2DFA}
		{551EA413-C394-4AE5-A11A-6495192C0998} = {D3AF6AA4-D58D-412F-A508-28E847DC2DFA}
	EndGlobalSection
	GlobalSection(ExtensibilityGlobals) = postSolution
		SolutionGuid = {EA913E64-3C32-4F29-A0E6-0E24AF7F32E9}
	EndGlobalSection
EndGlobal
